# THIS IS AN AUTOGENERATED FILE. DO NOT EDIT THIS FILE DIRECTLY.
# yarn lockfile v1


"@ts-graphviz/adapter@^2.0.3":
  version "2.0.3"
  resolved "https://registry.npmmirror.com/@ts-graphviz/adapter/-/adapter-2.0.3.tgz#b666a102e20ce974a48a3a6508b1faffc73272b5"
  integrity sha512-wHSN23UdLz4vuYUBZCzq2/tfLicwStSo3cUWnzvMNxG2ngcuYauQCQInv4CI5IObq+PFol28RVrG9Ffa9BuIRA==
  dependencies:
    "@ts-graphviz/common" "^2.1.2"

"@ts-graphviz/ast@^2.0.3":
  version "2.0.3"
  resolved "https://registry.npmmirror.com/@ts-graphviz/ast/-/ast-2.0.3.tgz#20539716bf4c45c903e8ca683a34ab10ee679683"
  integrity sha512-NhOgJdOHGSn5h5ydsFreLIKFBwQ59drzZ6y0B98+KeEMqduv5hXxcQoDabw8yzeNe9B92AfR5OpUYthcdAsYgw==
  dependencies:
    "@ts-graphviz/common" "^2.1.2"

"@ts-graphviz/common@^2.1.2":
  version "2.1.2"
  resolved "https://registry.npmmirror.com/@ts-graphviz/common/-/common-2.1.2.tgz#8086a76eb7fb8aa31c8517d13b078cbbb325c3ac"
  integrity sha512-Wyh5fOZNYyNP1mymbcHg/9atWR33NhHWIDrNa4hfbel3v340YQ+q+LMwAuIPuPt1qXINvOEhkowO5dvJWqfnPA==

"@ts-graphviz/core@^2.0.3":
  version "2.0.3"
  resolved "https://registry.npmmirror.com/@ts-graphviz/core/-/core-2.0.3.tgz#29113bba73c4811432763bfbd3b9801ab4763b69"
  integrity sha512-EZ+XlSwjdLtscoBOnA/Ba6QBrmoxAR73tJFjnWxaJQsZxWBQv6bLUrDgZUdXkXRAOSkRHn0uXY6Wq/3SsV2WtQ==
  dependencies:
    "@ts-graphviz/ast" "^2.0.3"
    "@ts-graphviz/common" "^2.1.2"

"@types/node@^20.13.0":
  version "20.13.0"
  resolved "https://r.cnpmjs.org/@types/node/-/node-20.13.0.tgz"
  integrity sha512-FM6AOb3khNkNIXPnHFDYaHerSv8uN22C91z098AnGccVu+Pcdhi+pNUFDi0iLmPIsVE0JBD0KVS7mzUYt4nRzQ==
  dependencies:
    undici-types "~5.26.4"

"@types/semver@^7.5.8":
  version "7.5.8"
  resolved "https://r.cnpmjs.org/@types/semver/-/semver-7.5.8.tgz"
  integrity sha512-I8EUhyrgfLrcTkzV3TSsGyl1tSuPrEDzr0yd5m90UgNxQkyDXULk3b6MlQqTCpZpNtWe1K0hzclnZkTcLBe2UQ==

ts-graphviz@^2.1.2:
  version "2.1.2"
  resolved "https://registry.npmmirror.com/ts-graphviz/-/ts-graphviz-2.1.2.tgz#657b7b6eada658118d62f75be2159506a0f2ff9c"
  integrity sha512-9GnOA3yiFaqZeHBEZXWa6kqc61FVhAhxQU5g3KLyGrhRr7OsDGRzs+1z35ctvD+hTTEhrBza6D41+qz+3qs7Zw==
  dependencies:
    "@ts-graphviz/adapter" "^2.0.3"
    "@ts-graphviz/ast" "^2.0.3"
    "@ts-graphviz/common" "^2.1.2"
    "@ts-graphviz/core" "^2.0.3"

typescript@^5.4.5:
  version "5.4.5"
  resolved "https://registry.npmjs.org/typescript/-/typescript-5.4.5.tgz"
  integrity sha512-vcI4UpRgg81oIRUFwR0WSIHKt11nJ7SAVlYNIu+QpqeyXP+gpQJy/Z4+F0aGxSE4MqwjyXvW/TzgkLAx2AGHwQ==

undici-types@~5.26.4:
  version "5.26.5"
  resolved "https://r.cnpmjs.org/undici-types/-/undici-types-5.26.5.tgz"
  integrity sha512-JlCMO+ehdEIKqlFxk6IfVoAUVmgz7cU7zD/h9XZ0qzeosSHmUJVOzSQvvYSYWXkFXC+IfLKSIffhv0sVZup6pA==
